
Microsoft Visual Studio Solution File, Format Version 12.00
# Visual Studio Version 17
VisualStudioVersion = 17.7.34024.191
MinimumVisualStudioVersion = 10.0.40219.1
Project("{8BC9CEB8-8B4A-11D0-8D11-00A0C91BC942}") = "3.1", "OOP 2sem\OOP 2sem.vcxproj", "{1643A85C-9D4A-49A1-B7C5-1BC2D32E5359}"
EndProject
Project("{8BC9CEB8-8B4A-11D0-8D11-00A0C91BC942}") = "3.2_", "3.2_\3.2_.vcxproj", "{BD5DD9FB-8F53-40CC-B7C3-0F54AF4D75A1}"
EndProject
Project("{8BC9CEB8-8B4A-11D0-8D11-00A0C91BC942}") = "4.1", "4.1\4.1.vcxproj", "{C293DC83-561E-49A3-8F8A-C0366E9EBD96}"
EndProject
Project("{8BC9CEB8-8B4A-11D0-8D11-00A0C91BC942}") = "3.3", "3.3\3.3.vcxproj", "{0B902020-6788-4164-8944-B04B4B8022FF}"
EndProject
Project("{8BC9CEB8-8B4A-11D0-8D11-00A0C91BC942}") = "4.2", "4.2\4.2.vcxproj", "{0E709CC7-045B-4791-BAFC-3FFA070260C4}"
EndProject
Project("{8BC9CEB8-8B4A-11D0-8D11-00A0C91BC942}") = "3.33", "3.33\3.33.vcxproj", "{2F33A7D6-B1FD-46CF-B5DA-A29BF14E5C0F}"
EndProject
Project("{8BC9CEB8-8B4A-11D0-8D11-00A0C91BC942}") = "5.1 (4.1)", "5.1 (4.1)\5.1 (4.1).vcxproj", "{97370E2E-0887-4318-AF9C-C12F0E2D8B11}"
EndProject
Project("{8BC9CEB8-8B4A-11D0-8D11-00A0C91BC942}") = "5.1(4.2)", "5.1(4.2)\5.1(4.2).vcxproj", "{3F666E72-6287-44F8-9AB7-DB45A0CED686}"
EndProject
Project("{8BC9CEB8-8B4A-11D0-8D11-00A0C91BC942}") = "5.1(4.3)", "5.1(4.3)\5.1(4.3).vcxproj", "{CD285F1F-56B3-43E3-8852-AABFB5FBF184}"
EndProject
Project("{8BC9CEB8-8B4A-11D0-8D11-00A0C91BC942}") = "5.2(2.1)", "5.2(2.1)\5.2(2.1).vcxproj", "{24148038-7EE8-472D-BC89-80706DB70779}"
EndProject
Project("{8BC9CEB8-8B4A-11D0-8D11-00A0C91BC942}") = "5.2(2.2)", "5.2(2.2)\5.2(2.2).vcxproj", "{41772199-EF82-4A04-9C5A-6EB6AA78EBC0}"
EndProject
Global
	GlobalSection(SolutionConfigurationPlatforms) = preSolution
		Debug|x64 = Debug|x64
		Debug|x86 = Debug|x86
		Release|x64 = Release|x64
		Release|x86 = Release|x86
	EndGlobalSection
	GlobalSection(ProjectConfigurationPlatforms) = postSolution
		{1643A85C-9D4A-49A1-B7C5-1BC2D32E5359}.Debug|x64.ActiveCfg = Debug|x64
		{1643A85C-9D4A-49A1-B7C5-1BC2D32E5359}.Debug|x64.Build.0 = Debug|x64
		{1643A85C-9D4A-49A1-B7C5-1BC2D32E5359}.Debug|x86.ActiveCfg = Debug|Win32
		{1643A85C-9D4A-49A1-B7C5-1BC2D32E5359}.Debug|x86.Build.0 = Debug|Win32
		{1643A85C-9D4A-49A1-B7C5-1BC2D32E5359}.Release|x64.ActiveCfg = Release|x64
		{1643A85C-9D4A-49A1-B7C5-1BC2D32E5359}.Release|x64.Build.0 = Release|x64
		{1643A85C-9D4A-49A1-B7C5-1BC2D32E5359}.Release|x86.ActiveCfg = Release|Win32
		{1643A85C-9D4A-49A1-B7C5-1BC2D32E5359}.Release|x86.Build.0 = Release|Win32
		{BD5DD9FB-8F53-40CC-B7C3-0F54AF4D75A1}.Debug|x64.ActiveCfg = Debug|x64
		{BD5DD9FB-8F53-40CC-B7C3-0F54AF4D75A1}.Debug|x64.Build.0 = Debug|x64
		{BD5DD9FB-8F53-40CC-B7C3-0F54AF4D75A1}.Debug|x86.ActiveCfg = Debug|Win32
		{BD5DD9FB-8F53-40CC-B7C3-0F54AF4D75A1}.Debug|x86.Build.0 = Debug|Win32
		{BD5DD9FB-8F53-40CC-B7C3-0F54AF4D75A1}.Release|x64.ActiveCfg = Release|x64
		{BD5DD9FB-8F53-40CC-B7C3-0F54AF4D75A1}.Release|x64.Build.0 = Release|x64
		{BD5DD9FB-8F53-40CC-B7C3-0F54AF4D75A1}.Release|x86.ActiveCfg = Release|Win32
		{BD5DD9FB-8F53-40CC-B7C3-0F54AF4D75A1}.Release|x86.Build.0 = Release|Win32
		{C293DC83-561E-49A3-8F8A-C0366E9EBD96}.Debug|x64.ActiveCfg = Debug|x64
		{C293DC83-561E-49A3-8F8A-C0366E9EBD96}.Debug|x64.Build.0 = Debug|x64
		{C293DC83-561E-49A3-8F8A-C0366E9EBD96}.Debug|x86.ActiveCfg = Debug|Win32
		{C293DC83-561E-49A3-8F8A-C0366E9EBD96}.Debug|x86.Build.0 = Debug|Win32
		{C293DC83-561E-49A3-8F8A-C0366E9EBD96}.Release|x64.ActiveCfg = Release|x64
		{C293DC83-561E-49A3-8F8A-C0366E9EBD96}.Release|x64.Build.0 = Release|x64
		{C293DC83-561E-49A3-8F8A-C0366E9EBD96}.Release|x86.ActiveCfg = Release|Win32
		{C293DC83-561E-49A3-8F8A-C0366E9EBD96}.Release|x86.Build.0 = Release|Win32
		{0B902020-6788-4164-8944-B04B4B8022FF}.Debug|x64.ActiveCfg = Debug|x64
		{0B902020-6788-4164-8944-B04B4B8022FF}.Debug|x64.Build.0 = Debug|x64
		{0B902020-6788-4164-8944-B04B4B8022FF}.Debug|x86.ActiveCfg = Debug|Win32
		{0B902020-6788-4164-8944-B04B4B8022FF}.Debug|x86.Build.0 = Debug|Win32
		{0B902020-6788-4164-8944-B04B4B8022FF}.Release|x64.ActiveCfg = Release|x64
		{0B902020-6788-4164-8944-B04B4B8022FF}.Release|x64.Build.0 = Release|x64
		{0B902020-6788-4164-8944-B04B4B8022FF}.Release|x86.ActiveCfg = Release|Win32
		{0B902020-6788-4164-8944-B04B4B8022FF}.Release|x86.Build.0 = Release|Win32
		{0E709CC7-045B-4791-BAFC-3FFA070260C4}.Debug|x64.ActiveCfg = Debug|x64
		{0E709CC7-045B-4791-BAFC-3FFA070260C4}.Debug|x64.Build.0 = Debug|x64
		{0E709CC7-045B-4791-BAFC-3FFA070260C4}.Debug|x86.ActiveCfg = Debug|Win32
		{0E709CC7-045B-4791-BAFC-3FFA070260C4}.Debug|x86.Build.0 = Debug|Win32
		{0E709CC7-045B-4791-BAFC-3FFA070260C4}.Release|x64.ActiveCfg = Release|x64
		{0E709CC7-045B-4791-BAFC-3FFA070260C4}.Release|x64.Build.0 = Release|x64
		{0E709CC7-045B-4791-BAFC-3FFA070260C4}.Release|x86.ActiveCfg = Release|Win32
		{0E709CC7-045B-4791-BAFC-3FFA070260C4}.Release|x86.Build.0 = Release|Win32
		{2F33A7D6-B1FD-46CF-B5DA-A29BF14E5C0F}.Debug|x64.ActiveCfg = Debug|x64
		{2F33A7D6-B1FD-46CF-B5DA-A29BF14E5C0F}.Debug|x64.Build.0 = Debug|x64
		{2F33A7D6-B1FD-46CF-B5DA-A29BF14E5C0F}.Debug|x86.ActiveCfg = Debug|Win32
		{2F33A7D6-B1FD-46CF-B5DA-A29BF14E5C0F}.Debug|x86.Build.0 = Debug|Win32
		{2F33A7D6-B1FD-46CF-B5DA-A29BF14E5C0F}.Release|x64.ActiveCfg = Release|x64
		{2F33A7D6-B1FD-46CF-B5DA-A29BF14E5C0F}.Release|x64.Build.0 = Release|x64
		{2F33A7D6-B1FD-46CF-B5DA-A29BF14E5C0F}.Release|x86.ActiveCfg = Release|Win32
		{2F33A7D6-B1FD-46CF-B5DA-A29BF14E5C0F}.Release|x86.Build.0 = Release|Win32
		{97370E2E-0887-4318-AF9C-C12F0E2D8B11}.Debug|x64.ActiveCfg = Debug|x64
		{97370E2E-0887-4318-AF9C-C12F0E2D8B11}.Debug|x64.Build.0 = Debug|x64
		{97370E2E-0887-4318-AF9C-C12F0E2D8B11}.Debug|x86.ActiveCfg = Debug|Win32
		{97370E2E-0887-4318-AF9C-C12F0E2D8B11}.Debug|x86.Build.0 = Debug|Win32
		{97370E2E-0887-4318-AF9C-C12F0E2D8B11}.Release|x64.ActiveCfg = Release|x64
		{97370E2E-0887-4318-AF9C-C12F0E2D8B11}.Release|x64.Build.0 = Release|x64
		{97370E2E-0887-4318-AF9C-C12F0E2D8B11}.Release|x86.ActiveCfg = Release|Win32
		{97370E2E-0887-4318-AF9C-C12F0E2D8B11}.Release|x86.Build.0 = Release|Win32
		{3F666E72-6287-44F8-9AB7-DB45A0CED686}.Debug|x64.ActiveCfg = Debug|x64
		{3F666E72-6287-44F8-9AB7-DB45A0CED686}.Debug|x64.Build.0 = Debug|x64
		{3F666E72-6287-44F8-9AB7-DB45A0CED686}.Debug|x86.ActiveCfg = Debug|Win32
		{3F666E72-6287-44F8-9AB7-DB45A0CED686}.Debug|x86.Build.0 = Debug|Win32
		{3F666E72-6287-44F8-9AB7-DB45A0CED686}.Release|x64.ActiveCfg = Release|x64
		{3F666E72-6287-44F8-9AB7-DB45A0CED686}.Release|x64.Build.0 = Release|x64
		{3F666E72-6287-44F8-9AB7-DB45A0CED686}.Release|x86.ActiveCfg = Release|Win32
		{3F666E72-6287-44F8-9AB7-DB45A0CED686}.Release|x86.Build.0 = Release|Win32
		{CD285F1F-56B3-43E3-8852-AABFB5FBF184}.Debug|x64.ActiveCfg = Debug|x64
		{CD285F1F-56B3-43E3-8852-AABFB5FBF184}.Debug|x64.Build.0 = Debug|x64
		{CD285F1F-56B3-43E3-8852-AABFB5FBF184}.Debug|x86.ActiveCfg = Debug|Win32
		{CD285F1F-56B3-43E3-8852-AABFB5FBF184}.Debug|x86.Build.0 = Debug|Win32
		{CD285F1F-56B3-43E3-8852-AABFB5FBF184}.Release|x64.ActiveCfg = Release|x64
		{CD285F1F-56B3-43E3-8852-AABFB5FBF184}.Release|x64.Build.0 = Release|x64
		{CD285F1F-56B3-43E3-8852-AABFB5FBF184}.Release|x86.ActiveCfg = Release|Win32
		{CD285F1F-56B3-43E3-8852-AABFB5FBF184}.Release|x86.Build.0 = Release|Win32
		{24148038-7EE8-472D-BC89-80706DB70779}.Debug|x64.ActiveCfg = Debug|x64
		{24148038-7EE8-472D-BC89-80706DB70779}.Debug|x64.Build.0 = Debug|x64
		{24148038-7EE8-472D-BC89-80706DB70779}.Debug|x86.ActiveCfg = Debug|Win32
		{24148038-7EE8-472D-BC89-80706DB70779}.Debug|x86.Build.0 = Debug|Win32
		{24148038-7EE8-472D-BC89-80706DB70779}.Release|x64.ActiveCfg = Release|x64
		{24148038-7EE8-472D-BC89-80706DB70779}.Release|x64.Build.0 = Release|x64
		{24148038-7EE8-472D-BC89-80706DB70779}.Release|x86.ActiveCfg = Release|Win32
		{24148038-7EE8-472D-BC89-80706DB70779}.Release|x86.Build.0 = Release|Win32
		{41772199-EF82-4A04-9C5A-6EB6AA78EBC0}.Debug|x64.ActiveCfg = Debug|x64
		{41772199-EF82-4A04-9C5A-6EB6AA78EBC0}.Debug|x64.Build.0 = Debug|x64
		{41772199-EF82-4A04-9C5A-6EB6AA78EBC0}.Debug|x86.ActiveCfg = Debug|Win32
		{41772199-EF82-4A04-9C5A-6EB6AA78EBC0}.Debug|x86.Build.0 = Debug|Win32
		{41772199-EF82-4A04-9C5A-6EB6AA78EBC0}.Release|x64.ActiveCfg = Release|x64
		{41772199-EF82-4A04-9C5A-6EB6AA78EBC0}.Release|x64.Build.0 = Release|x64
		{41772199-EF82-4A04-9C5A-6EB6AA78EBC0}.Release|x86.ActiveCfg = Release|Win32
		{41772199-EF82-4A04-9C5A-6EB6AA78EBC0}.Release|x86.Build.0 = Release|Win32
	EndGlobalSection
	GlobalSection(SolutionProperties) = preSolution
		HideSolutionNode = FALSE
	EndGlobalSection
	GlobalSection(ExtensibilityGlobals) = postSolution
		SolutionGuid = {1655141E-9B62-4A22-992D-5BF94D502E5C}
	EndGlobalSection
EndGlobal
